
Microsoft Visual Studio Solution File, Format Version 11.00
# Visual C# Express 2010
Project("{FAE04EC0-301F-11D3-BF4B-00C04F79EFBC}") = "encog-core-cs", "encog-core-cs\encog-core-cs.csproj", "{AC6FADF9-0904-4EBD-B22C-1C787C7E7A95}"
EndProject
Project("{FAE04EC0-301F-11D3-BF4B-00C04F79EFBC}") = "encog-test", "encog-test\encog-test.csproj", "{C49ABF17-FDD3-4D06-9CB4-7963C3CB98DB}"
EndProject
Project("{FAE04EC0-301F-11D3-BF4B-00C04F79EFBC}") = "ConsoleExamples", "ConsoleExamples\ConsoleExamples.csproj", "{A65A5878-6336-4ACF-9C40-540F8FAF2CC7}"
EndProject
Project("{FAE04EC0-301F-11D3-BF4B-00C04F79EFBC}") = "OCR", "OCR\OCR.csproj", "{83F646D8-D413-47F4-AE4D-AFF34C6A0CA7}"
EndProject
Project("{FAE04EC0-301F-11D3-BF4B-00C04F79EFBC}") = "SOMColors", "SOMColors\SOMColors.csproj", "{5554410A-C46E-4E98-AB73-99CDD6B0991D}"
EndProject
Project("{FAE04EC0-301F-11D3-BF4B-00C04F79EFBC}") = "encog-engine-cs", "encog-engine-cs\encog-engine-cs.csproj", "{D3C03377-8B5A-487B-9293-EF3915D5C034}"
EndProject
Project("{FAE04EC0-301F-11D3-BF4B-00C04F79EFBC}") = "EncogOpenCLBenchmark", "EncogOpenCLBenchmark\EncogOpenCLBenchmark.csproj", "{760B8696-4A3E-4E93-9D66-46BA4C53A0F3}"
EndProject
Project("{FAE04EC0-301F-11D3-BF4B-00C04F79EFBC}") = "EncogQuantExample", "EncogQuantExample\EncogQuantExample.csproj", "{5014A978-4D28-4ED7-8EB2-4880DC64CB00}"
EndProject
Global
	GlobalSection(SolutionConfigurationPlatforms) = preSolution
		Debug|Any CPU = Debug|Any CPU
		Debug|Mixed Platforms = Debug|Mixed Platforms
		Debug|x86 = Debug|x86
		Release|Any CPU = Release|Any CPU
		Release|Mixed Platforms = Release|Mixed Platforms
		Release|x86 = Release|x86
	EndGlobalSection
	GlobalSection(ProjectConfigurationPlatforms) = postSolution
		{AC6FADF9-0904-4EBD-B22C-1C787C7E7A95}.Debug|Any CPU.ActiveCfg = Debug|Any CPU
		{AC6FADF9-0904-4EBD-B22C-1C787C7E7A95}.Debug|Any CPU.Build.0 = Debug|Any CPU
		{AC6FADF9-0904-4EBD-B22C-1C787C7E7A95}.Debug|Mixed Platforms.ActiveCfg = Debug|Any CPU
		{AC6FADF9-0904-4EBD-B22C-1C787C7E7A95}.Debug|Mixed Platforms.Build.0 = Debug|Any CPU
		{AC6FADF9-0904-4EBD-B22C-1C787C7E7A95}.Debug|x86.ActiveCfg = Debug|Any CPU
		{AC6FADF9-0904-4EBD-B22C-1C787C7E7A95}.Release|Any CPU.ActiveCfg = Release|Any CPU
		{AC6FADF9-0904-4EBD-B22C-1C787C7E7A95}.Release|Any CPU.Build.0 = Release|Any CPU
		{AC6FADF9-0904-4EBD-B22C-1C787C7E7A95}.Release|Mixed Platforms.ActiveCfg = Release|Any CPU
		{AC6FADF9-0904-4EBD-B22C-1C787C7E7A95}.Release|Mixed Platforms.Build.0 = Release|Any CPU
		{AC6FADF9-0904-4EBD-B22C-1C787C7E7A95}.Release|x86.ActiveCfg = Release|Any CPU
		{C49ABF17-FDD3-4D06-9CB4-7963C3CB98DB}.Debug|Any CPU.ActiveCfg = Debug|Any CPU
		{C49ABF17-FDD3-4D06-9CB4-7963C3CB98DB}.Debug|Any CPU.Build.0 = Debug|Any CPU
		{C49ABF17-FDD3-4D06-9CB4-7963C3CB98DB}.Debug|Mixed Platforms.ActiveCfg = Debug|Any CPU
		{C49ABF17-FDD3-4D06-9CB4-7963C3CB98DB}.Debug|Mixed Platforms.Build.0 = Debug|Any CPU
		{C49ABF17-FDD3-4D06-9CB4-7963C3CB98DB}.Debug|x86.ActiveCfg = Debug|Any CPU
		{C49ABF17-FDD3-4D06-9CB4-7963C3CB98DB}.Release|Any CPU.ActiveCfg = Release|Any CPU
		{C49ABF17-FDD3-4D06-9CB4-7963C3CB98DB}.Release|Any CPU.Build.0 = Release|Any CPU
		{C49ABF17-FDD3-4D06-9CB4-7963C3CB98DB}.Release|Mixed Platforms.ActiveCfg = Release|Any CPU
		{C49ABF17-FDD3-4D06-9CB4-7963C3CB98DB}.Release|Mixed Platforms.Build.0 = Release|Any CPU
		{C49ABF17-FDD3-4D06-9CB4-7963C3CB98DB}.Release|x86.ActiveCfg = Release|Any CPU
		{A65A5878-6336-4ACF-9C40-540F8FAF2CC7}.Debug|Any CPU.ActiveCfg = Debug|Any CPU
		{A65A5878-6336-4ACF-9C40-540F8FAF2CC7}.Debug|Any CPU.Build.0 = Debug|Any CPU
		{A65A5878-6336-4ACF-9C40-540F8FAF2CC7}.Debug|Mixed Platforms.ActiveCfg = Debug|Any CPU
		{A65A5878-6336-4ACF-9C40-540F8FAF2CC7}.Debug|Mixed Platforms.Build.0 = Debug|Any CPU
		{A65A5878-6336-4ACF-9C40-540F8FAF2CC7}.Debug|x86.ActiveCfg = Debug|Any CPU
		{A65A5878-6336-4ACF-9C40-540F8FAF2CC7}.Release|Any CPU.ActiveCfg = Release|Any CPU
		{A65A5878-6336-4ACF-9C40-540F8FAF2CC7}.Release|Any CPU.Build.0 = Release|Any CPU
		{A65A5878-6336-4ACF-9C40-540F8FAF2CC7}.Release|Mixed Platforms.ActiveCfg = Release|Any CPU
		{A65A5878-6336-4ACF-9C40-540F8FAF2CC7}.Release|Mixed Platforms.Build.0 = Release|Any CPU
		{A65A5878-6336-4ACF-9C40-540F8FAF2CC7}.Release|x86.ActiveCfg = Release|Any CPU
		{83F646D8-D413-47F4-AE4D-AFF34C6A0CA7}.Debug|Any CPU.ActiveCfg = Debug|Any CPU
		{83F646D8-D413-47F4-AE4D-AFF34C6A0CA7}.Debug|Any CPU.Build.0 = Debug|Any CPU
		{83F646D8-D413-47F4-AE4D-AFF34C6A0CA7}.Debug|Mixed Platforms.ActiveCfg = Debug|Any CPU
		{83F646D8-D413-47F4-AE4D-AFF34C6A0CA7}.Debug|Mixed Platforms.Build.0 = Debug|Any CPU
		{83F646D8-D413-47F4-AE4D-AFF34C6A0CA7}.Debug|x86.ActiveCfg = Debug|Any CPU
		{83F646D8-D413-47F4-AE4D-AFF34C6A0CA7}.Release|Any CPU.ActiveCfg = Release|Any CPU
		{83F646D8-D413-47F4-AE4D-AFF34C6A0CA7}.Release|Any CPU.Build.0 = Release|Any CPU
		{83F646D8-D413-47F4-AE4D-AFF34C6A0CA7}.Release|Mixed Platforms.ActiveCfg = Release|Any CPU
		{83F646D8-D413-47F4-AE4D-AFF34C6A0CA7}.Release|Mixed Platforms.Build.0 = Release|Any CPU
		{83F646D8-D413-47F4-AE4D-AFF34C6A0CA7}.Release|x86.ActiveCfg = Release|Any CPU
		{5554410A-C46E-4E98-AB73-99CDD6B0991D}.Debug|Any CPU.ActiveCfg = Debug|Any CPU
		{5554410A-C46E-4E98-AB73-99CDD6B0991D}.Debug|Any CPU.Build.0 = Debug|Any CPU
		{5554410A-C46E-4E98-AB73-99CDD6B0991D}.Debug|Mixed Platforms.ActiveCfg = Debug|Any CPU
		{5554410A-C46E-4E98-AB73-99CDD6B0991D}.Debug|Mixed Platforms.Build.0 = Debug|Any CPU
		{5554410A-C46E-4E98-AB73-99CDD6B0991D}.Debug|x86.ActiveCfg = Debug|Any CPU
		{5554410A-C46E-4E98-AB73-99CDD6B0991D}.Release|Any CPU.ActiveCfg = Release|Any CPU
		{5554410A-C46E-4E98-AB73-99CDD6B0991D}.Release|Any CPU.Build.0 = Release|Any CPU
		{5554410A-C46E-4E98-AB73-99CDD6B0991D}.Release|Mixed Platforms.ActiveCfg = Release|Any CPU
		{5554410A-C46E-4E98-AB73-99CDD6B0991D}.Release|Mixed Platforms.Build.0 = Release|Any CPU
		{5554410A-C46E-4E98-AB73-99CDD6B0991D}.Release|x86.ActiveCfg = Release|Any CPU
		{D3C03377-8B5A-487B-9293-EF3915D5C034}.Debug|Any CPU.ActiveCfg = Debug|Any CPU
		{D3C03377-8B5A-487B-9293-EF3915D5C034}.Debug|Any CPU.Build.0 = Debug|Any CPU
		{D3C03377-8B5A-487B-9293-EF3915D5C034}.Debug|Mixed Platforms.ActiveCfg = Debug|Any CPU
		{D3C03377-8B5A-487B-9293-EF3915D5C034}.Debug|Mixed Platforms.Build.0 = Debug|Any CPU
		{D3C03377-8B5A-487B-9293-EF3915D5C034}.Debug|x86.ActiveCfg = Debug|Any CPU
		{D3C03377-8B5A-487B-9293-EF3915D5C034}.Release|Any CPU.ActiveCfg = Release|Any CPU
		{D3C03377-8B5A-487B-9293-EF3915D5C034}.Release|Any CPU.Build.0 = Release|Any CPU
		{D3C03377-8B5A-487B-9293-EF3915D5C034}.Release|Mixed Platforms.ActiveCfg = Release|Any CPU
		{D3C03377-8B5A-487B-9293-EF3915D5C034}.Release|Mixed Platforms.Build.0 = Release|Any CPU
		{D3C03377-8B5A-487B-9293-EF3915D5C034}.Release|x86.ActiveCfg = Release|Any CPU
		{760B8696-4A3E-4E93-9D66-46BA4C53A0F3}.Debug|Any CPU.ActiveCfg = Debug|Any CPU
		{760B8696-4A3E-4E93-9D66-46BA4C53A0F3}.Debug|Any CPU.Build.0 = Debug|Any CPU
		{760B8696-4A3E-4E93-9D66-46BA4C53A0F3}.Debug|Mixed Platforms.ActiveCfg = Debug|Any CPU
		{760B8696-4A3E-4E93-9D66-46BA4C53A0F3}.Debug|Mixed Platforms.Build.0 = Debug|Any CPU
		{760B8696-4A3E-4E93-9D66-46BA4C53A0F3}.Debug|x86.ActiveCfg = Debug|Any CPU
		{760B8696-4A3E-4E93-9D66-46BA4C53A0F3}.Release|Any CPU.ActiveCfg = Release|Any CPU
		{760B8696-4A3E-4E93-9D66-46BA4C53A0F3}.Release|Any CPU.Build.0 = Release|Any CPU
		{760B8696-4A3E-4E93-9D66-46BA4C53A0F3}.Release|Mixed Platforms.ActiveCfg = Release|Any CPU
		{760B8696-4A3E-4E93-9D66-46BA4C53A0F3}.Release|Mixed Platforms.Build.0 = Release|Any CPU
		{760B8696-4A3E-4E93-9D66-46BA4C53A0F3}.Release|x86.ActiveCfg = Release|Any CPU
		{5014A978-4D28-4ED7-8EB2-4880DC64CB00}.Debug|Any CPU.ActiveCfg = Debug|x86
		{5014A978-4D28-4ED7-8EB2-4880DC64CB00}.Debug|Mixed Platforms.ActiveCfg = Debug|x86
		{5014A978-4D28-4ED7-8EB2-4880DC64CB00}.Debug|Mixed Platforms.Build.0 = Debug|x86
		{5014A978-4D28-4ED7-8EB2-4880DC64CB00}.Debug|x86.ActiveCfg = Debug|x86
		{5014A978-4D28-4ED7-8EB2-4880DC64CB00}.Debug|x86.Build.0 = Debug|x86
		{5014A978-4D28-4ED7-8EB2-4880DC64CB00}.Release|Any CPU.ActiveCfg = Release|x86
		{5014A978-4D28-4ED7-8EB2-4880DC64CB00}.Release|Mixed Platforms.ActiveCfg = Release|x86
		{5014A978-4D28-4ED7-8EB2-4880DC64CB00}.Release|Mixed Platforms.Build.0 = Release|x86
		{5014A978-4D28-4ED7-8EB2-4880DC64CB00}.Release|x86.ActiveCfg = Release|x86
		{5014A978-4D28-4ED7-8EB2-4880DC64CB00}.Release|x86.Build.0 = Release|x86
	EndGlobalSection
	GlobalSection(SolutionProperties) = preSolution
		HideSolutionNode = FALSE
	EndGlobalSection
EndGlobal
