
Microsoft Visual Studio Solution File, Format Version 11.00
# Visual Studio 2010
Project("{FAE04EC0-301F-11D3-BF4B-00C04F79EFBC}") = "encog-core-cs", "encog-core-cs\encog-core-cs.csproj", "{AC6FADF9-0904-4EBD-B22C-1C787C7E7A95}"
EndProject
Project("{FAE04EC0-301F-11D3-BF4B-00C04F79EFBC}") = "ConsoleExamples", "ConsoleExamples\ConsoleExamples.csproj", "{A65A5878-6336-4ACF-9C40-540F8FAF2CC7}"
EndProject
Project("{FAE04EC0-301F-11D3-BF4B-00C04F79EFBC}") = "OCR", "OCR\OCR.csproj", "{83F646D8-D413-47F4-AE4D-AFF34C6A0CA7}"
EndProject
Project("{FAE04EC0-301F-11D3-BF4B-00C04F79EFBC}") = "SOMColors", "SOMColors\SOMColors.csproj", "{5554410A-C46E-4E98-AB73-99CDD6B0991D}"
EndProject
Project("{FAE04EC0-301F-11D3-BF4B-00C04F79EFBC}") = "encog-core-test", "encog-core-test\encog-core-test.csproj", "{7E02C68C-3412-4C39-BF1E-ECA40CEBA6B8}"
EndProject
Project("{FAE04EC0-301F-11D3-BF4B-00C04F79EFBC}") = "EncogCmd", "EncogCmd\EncogCmd.csproj", "{DCD16E74-CC9A-4FB6-972E-2834FAC9E441}"
EndProject
Project("{FAE04EC0-301F-11D3-BF4B-00C04F79EFBC}") = "FuzzyExample", "FuzzyExample\FuzzyExample.csproj", "{62E79D7C-B8F0-47C6-8AF5-5244E2B6B775}"
EndProject
Project("{FAE04EC0-301F-11D3-BF4B-00C04F79EFBC}") = "SharpNeatLib", "..\..\..\Eric\SharpNeatV2\src\SharpNeatLib\SharpNeatLib.csproj", "{ABC5C77A-DEBA-420C-926C-BD3E6F37AE15}"
EndProject
Project("{FAE04EC0-301F-11D3-BF4B-00C04F79EFBC}") = "SharpNeatGUI", "..\..\..\Eric\SharpNeatV2\src\SharpNeatGUI\SharpNeatGUI.csproj", "{407D1C95-118D-42C5-9FCF-BB3628873B4E}"
EndProject
Project("{FAE04EC0-301F-11D3-BF4B-00C04F79EFBC}") = "SharpNeatDomains", "..\..\..\Eric\SharpNeatV2\src\SharpNeatDomains\SharpNeatDomains.csproj", "{73AB8C8C-6315-4DC7-A3DE-3C747F86AC78}"
EndProject
Project("{FAE04EC0-301F-11D3-BF4B-00C04F79EFBC}") = "SharpNeatViewLib", "..\..\..\Eric\SharpNeatV2\src\SharpNeatViewLib\SharpNeatViewLib.csproj", "{4EA80D7B-B680-4AB8-BC4A-B51AF33A3FDE}"
EndProject
Project("{FAE04EC0-301F-11D3-BF4B-00C04F79EFBC}") = "SharpNeatConsole", "..\..\..\Eric\SharpNeatV2\src\SharpNeatConsole\SharpNeatConsole.csproj", "{57314EFA-48AB-4C81-B509-F36EA1000088}"
EndProject
Project("{FAE04EC0-301F-11D3-BF4B-00C04F79EFBC}") = "Box2dTestHarness", "..\..\..\Eric\SharpNeatV2\src\Box2dTestHarness\Box2dTestHarness.csproj", "{0E2AEE8E-8B7C-4257-ABB8-356B4885745E}"
EndProject
Project("{FAE04EC0-301F-11D3-BF4B-00C04F79EFBC}") = "SharpNeatDomainsExtra", "..\..\..\Eric\SharpNeatV2\src\SharpNeatDomainsExtra\SharpNeatDomainsExtra.csproj", "{3A1B9DEC-AECE-42F3-BAD9-9172482C43AB}"
EndProject
Project("{FAE04EC0-301F-11D3-BF4B-00C04F79EFBC}") = "ErrorViewerForm", "ErrorViewerForm\ErrorViewerForm.csproj", "{E9983214-04A3-4F9D-A50D-57B77C035741}"
EndProject
Project("{FAE04EC0-301F-11D3-BF4B-00C04F79EFBC}") = "EODSample", "..\..\..\Users\Administrator\Documents\Visual Studio 2010\Libraries\EncogQuanthouseBridge\EODWebService\EODSample\EODSample.csproj", "{862A1DDF-EE31-4DB1-9D34-378BA05F144B}"
EndProject
Project("{FAE04EC0-301F-11D3-BF4B-00C04F79EFBC}") = "Encog3MT5", "Encog3MT5\Encog3MT5.csproj", "{46715A67-B134-473C-ACE4-EF6AA1C0E688}"
EndProject
Project("{FAE04EC0-301F-11D3-BF4B-00C04F79EFBC}") = "EncogMT5Simple", "EncogMT5Simple\EncogMT5Simple.csproj", "{775A8A4C-AFA6-4D1A-AD1F-08E9829B0417}"
EndProject
Global
	GlobalSection(TestCaseManagementSettings) = postSolution
		CategoryFile = encog-core-cs.vsmdi
	EndGlobalSection
	GlobalSection(SolutionConfigurationPlatforms) = preSolution
		Debug|Any CPU = Debug|Any CPU
		Debug|Mixed Platforms = Debug|Mixed Platforms
		Debug|x64 = Debug|x64
		Debug|x86 = Debug|x86
		Release|Any CPU = Release|Any CPU
		Release|Mixed Platforms = Release|Mixed Platforms
		Release|x64 = Release|x64
		Release|x86 = Release|x86
		Sandcastle|Any CPU = Sandcastle|Any CPU
		Sandcastle|Mixed Platforms = Sandcastle|Mixed Platforms
		Sandcastle|x64 = Sandcastle|x64
		Sandcastle|x86 = Sandcastle|x86
	EndGlobalSection
	GlobalSection(ProjectConfigurationPlatforms) = postSolution
		{AC6FADF9-0904-4EBD-B22C-1C787C7E7A95}.Debug|Any CPU.ActiveCfg = Debug|Any CPU
		{AC6FADF9-0904-4EBD-B22C-1C787C7E7A95}.Debug|Any CPU.Build.0 = Debug|Any CPU
		{AC6FADF9-0904-4EBD-B22C-1C787C7E7A95}.Debug|Mixed Platforms.ActiveCfg = Debug|Any CPU
		{AC6FADF9-0904-4EBD-B22C-1C787C7E7A95}.Debug|Mixed Platforms.Build.0 = Debug|Any CPU
		{AC6FADF9-0904-4EBD-B22C-1C787C7E7A95}.Debug|x64.ActiveCfg = Debug|Any CPU
		{AC6FADF9-0904-4EBD-B22C-1C787C7E7A95}.Debug|x86.ActiveCfg = Debug|Any CPU
		{AC6FADF9-0904-4EBD-B22C-1C787C7E7A95}.Release|Any CPU.ActiveCfg = Release|Any CPU
		{AC6FADF9-0904-4EBD-B22C-1C787C7E7A95}.Release|Any CPU.Build.0 = Release|Any CPU
		{AC6FADF9-0904-4EBD-B22C-1C787C7E7A95}.Release|Mixed Platforms.ActiveCfg = Release|Any CPU
		{AC6FADF9-0904-4EBD-B22C-1C787C7E7A95}.Release|Mixed Platforms.Build.0 = Release|Any CPU
		{AC6FADF9-0904-4EBD-B22C-1C787C7E7A95}.Release|x64.ActiveCfg = Release|Any CPU
		{AC6FADF9-0904-4EBD-B22C-1C787C7E7A95}.Release|x86.ActiveCfg = Release|Any CPU
		{AC6FADF9-0904-4EBD-B22C-1C787C7E7A95}.Sandcastle|Any CPU.ActiveCfg = Release|Any CPU
		{AC6FADF9-0904-4EBD-B22C-1C787C7E7A95}.Sandcastle|Any CPU.Build.0 = Release|Any CPU
		{AC6FADF9-0904-4EBD-B22C-1C787C7E7A95}.Sandcastle|Mixed Platforms.ActiveCfg = Release|Any CPU
		{AC6FADF9-0904-4EBD-B22C-1C787C7E7A95}.Sandcastle|Mixed Platforms.Build.0 = Release|Any CPU
		{AC6FADF9-0904-4EBD-B22C-1C787C7E7A95}.Sandcastle|x64.ActiveCfg = Release|Any CPU
		{AC6FADF9-0904-4EBD-B22C-1C787C7E7A95}.Sandcastle|x86.ActiveCfg = Release|Any CPU
		{A65A5878-6336-4ACF-9C40-540F8FAF2CC7}.Debug|Any CPU.ActiveCfg = Debug|Any CPU
		{A65A5878-6336-4ACF-9C40-540F8FAF2CC7}.Debug|Any CPU.Build.0 = Debug|Any CPU
		{A65A5878-6336-4ACF-9C40-540F8FAF2CC7}.Debug|Mixed Platforms.ActiveCfg = Debug|Any CPU
		{A65A5878-6336-4ACF-9C40-540F8FAF2CC7}.Debug|Mixed Platforms.Build.0 = Debug|Any CPU
		{A65A5878-6336-4ACF-9C40-540F8FAF2CC7}.Debug|x64.ActiveCfg = Debug|Any CPU
		{A65A5878-6336-4ACF-9C40-540F8FAF2CC7}.Debug|x86.ActiveCfg = Debug|Any CPU
		{A65A5878-6336-4ACF-9C40-540F8FAF2CC7}.Release|Any CPU.ActiveCfg = Release|Any CPU
		{A65A5878-6336-4ACF-9C40-540F8FAF2CC7}.Release|Any CPU.Build.0 = Release|Any CPU
		{A65A5878-6336-4ACF-9C40-540F8FAF2CC7}.Release|Mixed Platforms.ActiveCfg = Release|Any CPU
		{A65A5878-6336-4ACF-9C40-540F8FAF2CC7}.Release|Mixed Platforms.Build.0 = Release|Any CPU
		{A65A5878-6336-4ACF-9C40-540F8FAF2CC7}.Release|x64.ActiveCfg = Release|Any CPU
		{A65A5878-6336-4ACF-9C40-540F8FAF2CC7}.Release|x86.ActiveCfg = Release|Any CPU
		{A65A5878-6336-4ACF-9C40-540F8FAF2CC7}.Sandcastle|Any CPU.ActiveCfg = Release|Any CPU
		{A65A5878-6336-4ACF-9C40-540F8FAF2CC7}.Sandcastle|Any CPU.Build.0 = Release|Any CPU
		{A65A5878-6336-4ACF-9C40-540F8FAF2CC7}.Sandcastle|Mixed Platforms.ActiveCfg = Release|Any CPU
		{A65A5878-6336-4ACF-9C40-540F8FAF2CC7}.Sandcastle|Mixed Platforms.Build.0 = Release|Any CPU
		{A65A5878-6336-4ACF-9C40-540F8FAF2CC7}.Sandcastle|x64.ActiveCfg = Release|Any CPU
		{A65A5878-6336-4ACF-9C40-540F8FAF2CC7}.Sandcastle|x86.ActiveCfg = Release|Any CPU
		{83F646D8-D413-47F4-AE4D-AFF34C6A0CA7}.Debug|Any CPU.ActiveCfg = Debug|Any CPU
		{83F646D8-D413-47F4-AE4D-AFF34C6A0CA7}.Debug|Any CPU.Build.0 = Debug|Any CPU
		{83F646D8-D413-47F4-AE4D-AFF34C6A0CA7}.Debug|Mixed Platforms.ActiveCfg = Debug|Any CPU
		{83F646D8-D413-47F4-AE4D-AFF34C6A0CA7}.Debug|Mixed Platforms.Build.0 = Debug|Any CPU
		{83F646D8-D413-47F4-AE4D-AFF34C6A0CA7}.Debug|x64.ActiveCfg = Debug|Any CPU
		{83F646D8-D413-47F4-AE4D-AFF34C6A0CA7}.Debug|x86.ActiveCfg = Debug|Any CPU
		{83F646D8-D413-47F4-AE4D-AFF34C6A0CA7}.Release|Any CPU.ActiveCfg = Release|Any CPU
		{83F646D8-D413-47F4-AE4D-AFF34C6A0CA7}.Release|Any CPU.Build.0 = Release|Any CPU
		{83F646D8-D413-47F4-AE4D-AFF34C6A0CA7}.Release|Mixed Platforms.ActiveCfg = Release|Any CPU
		{83F646D8-D413-47F4-AE4D-AFF34C6A0CA7}.Release|Mixed Platforms.Build.0 = Release|Any CPU
		{83F646D8-D413-47F4-AE4D-AFF34C6A0CA7}.Release|x64.ActiveCfg = Release|Any CPU
		{83F646D8-D413-47F4-AE4D-AFF34C6A0CA7}.Release|x86.ActiveCfg = Release|Any CPU
		{83F646D8-D413-47F4-AE4D-AFF34C6A0CA7}.Sandcastle|Any CPU.ActiveCfg = Release|Any CPU
		{83F646D8-D413-47F4-AE4D-AFF34C6A0CA7}.Sandcastle|Any CPU.Build.0 = Release|Any CPU
		{83F646D8-D413-47F4-AE4D-AFF34C6A0CA7}.Sandcastle|Mixed Platforms.ActiveCfg = Release|Any CPU
		{83F646D8-D413-47F4-AE4D-AFF34C6A0CA7}.Sandcastle|Mixed Platforms.Build.0 = Release|Any CPU
		{83F646D8-D413-47F4-AE4D-AFF34C6A0CA7}.Sandcastle|x64.ActiveCfg = Release|Any CPU
		{83F646D8-D413-47F4-AE4D-AFF34C6A0CA7}.Sandcastle|x86.ActiveCfg = Release|Any CPU
		{5554410A-C46E-4E98-AB73-99CDD6B0991D}.Debug|Any CPU.ActiveCfg = Debug|Any CPU
		{5554410A-C46E-4E98-AB73-99CDD6B0991D}.Debug|Any CPU.Build.0 = Debug|Any CPU
		{5554410A-C46E-4E98-AB73-99CDD6B0991D}.Debug|Mixed Platforms.ActiveCfg = Debug|Any CPU
		{5554410A-C46E-4E98-AB73-99CDD6B0991D}.Debug|Mixed Platforms.Build.0 = Debug|Any CPU
		{5554410A-C46E-4E98-AB73-99CDD6B0991D}.Debug|x64.ActiveCfg = Debug|Any CPU
		{5554410A-C46E-4E98-AB73-99CDD6B0991D}.Debug|x86.ActiveCfg = Debug|Any CPU
		{5554410A-C46E-4E98-AB73-99CDD6B0991D}.Release|Any CPU.ActiveCfg = Release|Any CPU
		{5554410A-C46E-4E98-AB73-99CDD6B0991D}.Release|Any CPU.Build.0 = Release|Any CPU
		{5554410A-C46E-4E98-AB73-99CDD6B0991D}.Release|Mixed Platforms.ActiveCfg = Release|Any CPU
		{5554410A-C46E-4E98-AB73-99CDD6B0991D}.Release|Mixed Platforms.Build.0 = Release|Any CPU
		{5554410A-C46E-4E98-AB73-99CDD6B0991D}.Release|x64.ActiveCfg = Release|Any CPU
		{5554410A-C46E-4E98-AB73-99CDD6B0991D}.Release|x86.ActiveCfg = Release|Any CPU
		{5554410A-C46E-4E98-AB73-99CDD6B0991D}.Sandcastle|Any CPU.ActiveCfg = Release|Any CPU
		{5554410A-C46E-4E98-AB73-99CDD6B0991D}.Sandcastle|Any CPU.Build.0 = Release|Any CPU
		{5554410A-C46E-4E98-AB73-99CDD6B0991D}.Sandcastle|Mixed Platforms.ActiveCfg = Release|Any CPU
		{5554410A-C46E-4E98-AB73-99CDD6B0991D}.Sandcastle|Mixed Platforms.Build.0 = Release|Any CPU
		{5554410A-C46E-4E98-AB73-99CDD6B0991D}.Sandcastle|x64.ActiveCfg = Release|Any CPU
		{5554410A-C46E-4E98-AB73-99CDD6B0991D}.Sandcastle|x86.ActiveCfg = Release|Any CPU
		{7E02C68C-3412-4C39-BF1E-ECA40CEBA6B8}.Debug|Any CPU.ActiveCfg = Debug|Any CPU
		{7E02C68C-3412-4C39-BF1E-ECA40CEBA6B8}.Debug|Any CPU.Build.0 = Debug|Any CPU
		{7E02C68C-3412-4C39-BF1E-ECA40CEBA6B8}.Debug|Mixed Platforms.ActiveCfg = Debug|Any CPU
		{7E02C68C-3412-4C39-BF1E-ECA40CEBA6B8}.Debug|Mixed Platforms.Build.0 = Debug|Any CPU
		{7E02C68C-3412-4C39-BF1E-ECA40CEBA6B8}.Debug|x64.ActiveCfg = Debug|Any CPU
		{7E02C68C-3412-4C39-BF1E-ECA40CEBA6B8}.Debug|x86.ActiveCfg = Debug|Any CPU
		{7E02C68C-3412-4C39-BF1E-ECA40CEBA6B8}.Release|Any CPU.ActiveCfg = Release|Any CPU
		{7E02C68C-3412-4C39-BF1E-ECA40CEBA6B8}.Release|Any CPU.Build.0 = Release|Any CPU
		{7E02C68C-3412-4C39-BF1E-ECA40CEBA6B8}.Release|Mixed Platforms.ActiveCfg = Release|Any CPU
		{7E02C68C-3412-4C39-BF1E-ECA40CEBA6B8}.Release|Mixed Platforms.Build.0 = Release|Any CPU
		{7E02C68C-3412-4C39-BF1E-ECA40CEBA6B8}.Release|x64.ActiveCfg = Release|Any CPU
		{7E02C68C-3412-4C39-BF1E-ECA40CEBA6B8}.Release|x86.ActiveCfg = Release|Any CPU
		{7E02C68C-3412-4C39-BF1E-ECA40CEBA6B8}.Sandcastle|Any CPU.ActiveCfg = Release|Any CPU
		{7E02C68C-3412-4C39-BF1E-ECA40CEBA6B8}.Sandcastle|Any CPU.Build.0 = Release|Any CPU
		{7E02C68C-3412-4C39-BF1E-ECA40CEBA6B8}.Sandcastle|Mixed Platforms.ActiveCfg = Release|Any CPU
		{7E02C68C-3412-4C39-BF1E-ECA40CEBA6B8}.Sandcastle|Mixed Platforms.Build.0 = Release|Any CPU
		{7E02C68C-3412-4C39-BF1E-ECA40CEBA6B8}.Sandcastle|x64.ActiveCfg = Release|Any CPU
		{7E02C68C-3412-4C39-BF1E-ECA40CEBA6B8}.Sandcastle|x86.ActiveCfg = Release|Any CPU
		{DCD16E74-CC9A-4FB6-972E-2834FAC9E441}.Debug|Any CPU.ActiveCfg = Debug|x86
		{DCD16E74-CC9A-4FB6-972E-2834FAC9E441}.Debug|Mixed Platforms.ActiveCfg = Debug|x86
		{DCD16E74-CC9A-4FB6-972E-2834FAC9E441}.Debug|Mixed Platforms.Build.0 = Debug|x86
		{DCD16E74-CC9A-4FB6-972E-2834FAC9E441}.Debug|x64.ActiveCfg = Debug|x86
		{DCD16E74-CC9A-4FB6-972E-2834FAC9E441}.Debug|x86.ActiveCfg = Debug|x86
		{DCD16E74-CC9A-4FB6-972E-2834FAC9E441}.Debug|x86.Build.0 = Debug|x86
		{DCD16E74-CC9A-4FB6-972E-2834FAC9E441}.Release|Any CPU.ActiveCfg = Release|x86
		{DCD16E74-CC9A-4FB6-972E-2834FAC9E441}.Release|Mixed Platforms.ActiveCfg = Release|x86
		{DCD16E74-CC9A-4FB6-972E-2834FAC9E441}.Release|Mixed Platforms.Build.0 = Release|x86
		{DCD16E74-CC9A-4FB6-972E-2834FAC9E441}.Release|x64.ActiveCfg = Release|x86
		{DCD16E74-CC9A-4FB6-972E-2834FAC9E441}.Release|x86.ActiveCfg = Release|x86
		{DCD16E74-CC9A-4FB6-972E-2834FAC9E441}.Release|x86.Build.0 = Release|x86
		{DCD16E74-CC9A-4FB6-972E-2834FAC9E441}.Sandcastle|Any CPU.ActiveCfg = Release|x86
		{DCD16E74-CC9A-4FB6-972E-2834FAC9E441}.Sandcastle|Mixed Platforms.ActiveCfg = Release|x86
		{DCD16E74-CC9A-4FB6-972E-2834FAC9E441}.Sandcastle|Mixed Platforms.Build.0 = Release|x86
		{DCD16E74-CC9A-4FB6-972E-2834FAC9E441}.Sandcastle|x64.ActiveCfg = Release|x86
		{DCD16E74-CC9A-4FB6-972E-2834FAC9E441}.Sandcastle|x86.ActiveCfg = Release|x86
		{DCD16E74-CC9A-4FB6-972E-2834FAC9E441}.Sandcastle|x86.Build.0 = Release|x86
		{62E79D7C-B8F0-47C6-8AF5-5244E2B6B775}.Debug|Any CPU.ActiveCfg = Debug|x86
		{62E79D7C-B8F0-47C6-8AF5-5244E2B6B775}.Debug|Mixed Platforms.ActiveCfg = Debug|x86
		{62E79D7C-B8F0-47C6-8AF5-5244E2B6B775}.Debug|Mixed Platforms.Build.0 = Debug|x86
		{62E79D7C-B8F0-47C6-8AF5-5244E2B6B775}.Debug|x64.ActiveCfg = Debug|x86
		{62E79D7C-B8F0-47C6-8AF5-5244E2B6B775}.Debug|x86.ActiveCfg = Debug|x86
		{62E79D7C-B8F0-47C6-8AF5-5244E2B6B775}.Debug|x86.Build.0 = Debug|x86
		{62E79D7C-B8F0-47C6-8AF5-5244E2B6B775}.Release|Any CPU.ActiveCfg = Release|x86
		{62E79D7C-B8F0-47C6-8AF5-5244E2B6B775}.Release|Mixed Platforms.ActiveCfg = Release|x86
		{62E79D7C-B8F0-47C6-8AF5-5244E2B6B775}.Release|Mixed Platforms.Build.0 = Release|x86
		{62E79D7C-B8F0-47C6-8AF5-5244E2B6B775}.Release|x64.ActiveCfg = Release|x86
		{62E79D7C-B8F0-47C6-8AF5-5244E2B6B775}.Release|x86.ActiveCfg = Release|x86
		{62E79D7C-B8F0-47C6-8AF5-5244E2B6B775}.Release|x86.Build.0 = Release|x86
		{62E79D7C-B8F0-47C6-8AF5-5244E2B6B775}.Sandcastle|Any CPU.ActiveCfg = Release|x86
		{62E79D7C-B8F0-47C6-8AF5-5244E2B6B775}.Sandcastle|Mixed Platforms.ActiveCfg = Release|x86
		{62E79D7C-B8F0-47C6-8AF5-5244E2B6B775}.Sandcastle|Mixed Platforms.Build.0 = Release|x86
		{62E79D7C-B8F0-47C6-8AF5-5244E2B6B775}.Sandcastle|x64.ActiveCfg = Release|x86
		{62E79D7C-B8F0-47C6-8AF5-5244E2B6B775}.Sandcastle|x86.ActiveCfg = Release|x86
		{62E79D7C-B8F0-47C6-8AF5-5244E2B6B775}.Sandcastle|x86.Build.0 = Release|x86
		{ABC5C77A-DEBA-420C-926C-BD3E6F37AE15}.Debug|Any CPU.ActiveCfg = Debug|Any CPU
		{ABC5C77A-DEBA-420C-926C-BD3E6F37AE15}.Debug|Any CPU.Build.0 = Debug|Any CPU
		{ABC5C77A-DEBA-420C-926C-BD3E6F37AE15}.Debug|Mixed Platforms.ActiveCfg = Debug|Any CPU
		{ABC5C77A-DEBA-420C-926C-BD3E6F37AE15}.Debug|Mixed Platforms.Build.0 = Debug|Any CPU
		{ABC5C77A-DEBA-420C-926C-BD3E6F37AE15}.Debug|x64.ActiveCfg = Debug|Any CPU
		{ABC5C77A-DEBA-420C-926C-BD3E6F37AE15}.Debug|x86.ActiveCfg = Debug|Any CPU
		{ABC5C77A-DEBA-420C-926C-BD3E6F37AE15}.Release|Any CPU.ActiveCfg = Release|Any CPU
		{ABC5C77A-DEBA-420C-926C-BD3E6F37AE15}.Release|Any CPU.Build.0 = Release|Any CPU
		{ABC5C77A-DEBA-420C-926C-BD3E6F37AE15}.Release|Mixed Platforms.ActiveCfg = Release|Any CPU
		{ABC5C77A-DEBA-420C-926C-BD3E6F37AE15}.Release|Mixed Platforms.Build.0 = Release|Any CPU
		{ABC5C77A-DEBA-420C-926C-BD3E6F37AE15}.Release|x64.ActiveCfg = Release|Any CPU
		{ABC5C77A-DEBA-420C-926C-BD3E6F37AE15}.Release|x86.ActiveCfg = Release|Any CPU
		{ABC5C77A-DEBA-420C-926C-BD3E6F37AE15}.Sandcastle|Any CPU.ActiveCfg = Release|Any CPU
		{ABC5C77A-DEBA-420C-926C-BD3E6F37AE15}.Sandcastle|Any CPU.Build.0 = Release|Any CPU
		{ABC5C77A-DEBA-420C-926C-BD3E6F37AE15}.Sandcastle|Mixed Platforms.ActiveCfg = Release|Any CPU
		{ABC5C77A-DEBA-420C-926C-BD3E6F37AE15}.Sandcastle|Mixed Platforms.Build.0 = Release|Any CPU
		{ABC5C77A-DEBA-420C-926C-BD3E6F37AE15}.Sandcastle|x64.ActiveCfg = Release|Any CPU
		{ABC5C77A-DEBA-420C-926C-BD3E6F37AE15}.Sandcastle|x86.ActiveCfg = Release|Any CPU
		{407D1C95-118D-42C5-9FCF-BB3628873B4E}.Debug|Any CPU.ActiveCfg = Debug|Any CPU
		{407D1C95-118D-42C5-9FCF-BB3628873B4E}.Debug|Any CPU.Build.0 = Debug|Any CPU
		{407D1C95-118D-42C5-9FCF-BB3628873B4E}.Debug|Mixed Platforms.ActiveCfg = Debug|Any CPU
		{407D1C95-118D-42C5-9FCF-BB3628873B4E}.Debug|Mixed Platforms.Build.0 = Debug|Any CPU
		{407D1C95-118D-42C5-9FCF-BB3628873B4E}.Debug|x64.ActiveCfg = Debug|Any CPU
		{407D1C95-118D-42C5-9FCF-BB3628873B4E}.Debug|x86.ActiveCfg = Debug|Any CPU
		{407D1C95-118D-42C5-9FCF-BB3628873B4E}.Release|Any CPU.ActiveCfg = Release|Any CPU
		{407D1C95-118D-42C5-9FCF-BB3628873B4E}.Release|Any CPU.Build.0 = Release|Any CPU
		{407D1C95-118D-42C5-9FCF-BB3628873B4E}.Release|Mixed Platforms.ActiveCfg = Release|Any CPU
		{407D1C95-118D-42C5-9FCF-BB3628873B4E}.Release|Mixed Platforms.Build.0 = Release|Any CPU
		{407D1C95-118D-42C5-9FCF-BB3628873B4E}.Release|x64.ActiveCfg = Release|Any CPU
		{407D1C95-118D-42C5-9FCF-BB3628873B4E}.Release|x86.ActiveCfg = Release|Any CPU
		{407D1C95-118D-42C5-9FCF-BB3628873B4E}.Sandcastle|Any CPU.ActiveCfg = Release|Any CPU
		{407D1C95-118D-42C5-9FCF-BB3628873B4E}.Sandcastle|Any CPU.Build.0 = Release|Any CPU
		{407D1C95-118D-42C5-9FCF-BB3628873B4E}.Sandcastle|Mixed Platforms.ActiveCfg = Release|Any CPU
		{407D1C95-118D-42C5-9FCF-BB3628873B4E}.Sandcastle|Mixed Platforms.Build.0 = Release|Any CPU
		{407D1C95-118D-42C5-9FCF-BB3628873B4E}.Sandcastle|x64.ActiveCfg = Release|Any CPU
		{407D1C95-118D-42C5-9FCF-BB3628873B4E}.Sandcastle|x86.ActiveCfg = Release|Any CPU
		{73AB8C8C-6315-4DC7-A3DE-3C747F86AC78}.Debug|Any CPU.ActiveCfg = Debug|Any CPU
		{73AB8C8C-6315-4DC7-A3DE-3C747F86AC78}.Debug|Any CPU.Build.0 = Debug|Any CPU
		{73AB8C8C-6315-4DC7-A3DE-3C747F86AC78}.Debug|Mixed Platforms.ActiveCfg = Debug|Any CPU
		{73AB8C8C-6315-4DC7-A3DE-3C747F86AC78}.Debug|Mixed Platforms.Build.0 = Debug|Any CPU
		{73AB8C8C-6315-4DC7-A3DE-3C747F86AC78}.Debug|x64.ActiveCfg = Debug|Any CPU
		{73AB8C8C-6315-4DC7-A3DE-3C747F86AC78}.Debug|x86.ActiveCfg = Debug|Any CPU
		{73AB8C8C-6315-4DC7-A3DE-3C747F86AC78}.Release|Any CPU.ActiveCfg = Release|Any CPU
		{73AB8C8C-6315-4DC7-A3DE-3C747F86AC78}.Release|Any CPU.Build.0 = Release|Any CPU
		{73AB8C8C-6315-4DC7-A3DE-3C747F86AC78}.Release|Mixed Platforms.ActiveCfg = Release|Any CPU
		{73AB8C8C-6315-4DC7-A3DE-3C747F86AC78}.Release|Mixed Platforms.Build.0 = Release|Any CPU
		{73AB8C8C-6315-4DC7-A3DE-3C747F86AC78}.Release|x64.ActiveCfg = Release|Any CPU
		{73AB8C8C-6315-4DC7-A3DE-3C747F86AC78}.Release|x86.ActiveCfg = Release|Any CPU
		{73AB8C8C-6315-4DC7-A3DE-3C747F86AC78}.Sandcastle|Any CPU.ActiveCfg = Release|Any CPU
		{73AB8C8C-6315-4DC7-A3DE-3C747F86AC78}.Sandcastle|Any CPU.Build.0 = Release|Any CPU
		{73AB8C8C-6315-4DC7-A3DE-3C747F86AC78}.Sandcastle|Mixed Platforms.ActiveCfg = Release|Any CPU
		{73AB8C8C-6315-4DC7-A3DE-3C747F86AC78}.Sandcastle|Mixed Platforms.Build.0 = Release|Any CPU
		{73AB8C8C-6315-4DC7-A3DE-3C747F86AC78}.Sandcastle|x64.ActiveCfg = Release|Any CPU
		{73AB8C8C-6315-4DC7-A3DE-3C747F86AC78}.Sandcastle|x86.ActiveCfg = Release|Any CPU
		{4EA80D7B-B680-4AB8-BC4A-B51AF33A3FDE}.Debug|Any CPU.ActiveCfg = Debug|Any CPU
		{4EA80D7B-B680-4AB8-BC4A-B51AF33A3FDE}.Debug|Any CPU.Build.0 = Debug|Any CPU
		{4EA80D7B-B680-4AB8-BC4A-B51AF33A3FDE}.Debug|Mixed Platforms.ActiveCfg = Debug|Any CPU
		{4EA80D7B-B680-4AB8-BC4A-B51AF33A3FDE}.Debug|Mixed Platforms.Build.0 = Debug|Any CPU
		{4EA80D7B-B680-4AB8-BC4A-B51AF33A3FDE}.Debug|x64.ActiveCfg = Debug|Any CPU
		{4EA80D7B-B680-4AB8-BC4A-B51AF33A3FDE}.Debug|x86.ActiveCfg = Debug|Any CPU
		{4EA80D7B-B680-4AB8-BC4A-B51AF33A3FDE}.Release|Any CPU.ActiveCfg = Release|Any CPU
		{4EA80D7B-B680-4AB8-BC4A-B51AF33A3FDE}.Release|Any CPU.Build.0 = Release|Any CPU
		{4EA80D7B-B680-4AB8-BC4A-B51AF33A3FDE}.Release|Mixed Platforms.ActiveCfg = Release|Any CPU
		{4EA80D7B-B680-4AB8-BC4A-B51AF33A3FDE}.Release|Mixed Platforms.Build.0 = Release|Any CPU
		{4EA80D7B-B680-4AB8-BC4A-B51AF33A3FDE}.Release|x64.ActiveCfg = Release|Any CPU
		{4EA80D7B-B680-4AB8-BC4A-B51AF33A3FDE}.Release|x86.ActiveCfg = Release|Any CPU
		{4EA80D7B-B680-4AB8-BC4A-B51AF33A3FDE}.Sandcastle|Any CPU.ActiveCfg = Release|Any CPU
		{4EA80D7B-B680-4AB8-BC4A-B51AF33A3FDE}.Sandcastle|Any CPU.Build.0 = Release|Any CPU
		{4EA80D7B-B680-4AB8-BC4A-B51AF33A3FDE}.Sandcastle|Mixed Platforms.ActiveCfg = Release|Any CPU
		{4EA80D7B-B680-4AB8-BC4A-B51AF33A3FDE}.Sandcastle|Mixed Platforms.Build.0 = Release|Any CPU
		{4EA80D7B-B680-4AB8-BC4A-B51AF33A3FDE}.Sandcastle|x64.ActiveCfg = Release|Any CPU
		{4EA80D7B-B680-4AB8-BC4A-B51AF33A3FDE}.Sandcastle|x86.ActiveCfg = Release|Any CPU
		{57314EFA-48AB-4C81-B509-F36EA1000088}.Debug|Any CPU.ActiveCfg = Debug|x86
		{57314EFA-48AB-4C81-B509-F36EA1000088}.Debug|Mixed Platforms.ActiveCfg = Debug|x86
		{57314EFA-48AB-4C81-B509-F36EA1000088}.Debug|Mixed Platforms.Build.0 = Debug|x86
		{57314EFA-48AB-4C81-B509-F36EA1000088}.Debug|x64.ActiveCfg = Debug|x86
		{57314EFA-48AB-4C81-B509-F36EA1000088}.Debug|x86.ActiveCfg = Debug|x86
		{57314EFA-48AB-4C81-B509-F36EA1000088}.Debug|x86.Build.0 = Debug|x86
		{57314EFA-48AB-4C81-B509-F36EA1000088}.Release|Any CPU.ActiveCfg = Release|x86
		{57314EFA-48AB-4C81-B509-F36EA1000088}.Release|Mixed Platforms.ActiveCfg = Release|x86
		{57314EFA-48AB-4C81-B509-F36EA1000088}.Release|Mixed Platforms.Build.0 = Release|x86
		{57314EFA-48AB-4C81-B509-F36EA1000088}.Release|x64.ActiveCfg = Release|x86
		{57314EFA-48AB-4C81-B509-F36EA1000088}.Release|x86.ActiveCfg = Release|x86
		{57314EFA-48AB-4C81-B509-F36EA1000088}.Release|x86.Build.0 = Release|x86
		{57314EFA-48AB-4C81-B509-F36EA1000088}.Sandcastle|Any CPU.ActiveCfg = Release|x86
		{57314EFA-48AB-4C81-B509-F36EA1000088}.Sandcastle|Mixed Platforms.ActiveCfg = Release|x86
		{57314EFA-48AB-4C81-B509-F36EA1000088}.Sandcastle|Mixed Platforms.Build.0 = Release|x86
		{57314EFA-48AB-4C81-B509-F36EA1000088}.Sandcastle|x64.ActiveCfg = Release|x86
		{57314EFA-48AB-4C81-B509-F36EA1000088}.Sandcastle|x86.ActiveCfg = Release|x86
		{57314EFA-48AB-4C81-B509-F36EA1000088}.Sandcastle|x86.Build.0 = Release|x86
		{0E2AEE8E-8B7C-4257-ABB8-356B4885745E}.Debug|Any CPU.ActiveCfg = Debug|x86
		{0E2AEE8E-8B7C-4257-ABB8-356B4885745E}.Debug|Mixed Platforms.ActiveCfg = Debug|x86
		{0E2AEE8E-8B7C-4257-ABB8-356B4885745E}.Debug|Mixed Platforms.Build.0 = Debug|x86
		{0E2AEE8E-8B7C-4257-ABB8-356B4885745E}.Debug|x64.ActiveCfg = Debug|x86
		{0E2AEE8E-8B7C-4257-ABB8-356B4885745E}.Debug|x86.ActiveCfg = Debug|x86
		{0E2AEE8E-8B7C-4257-ABB8-356B4885745E}.Debug|x86.Build.0 = Debug|x86
		{0E2AEE8E-8B7C-4257-ABB8-356B4885745E}.Release|Any CPU.ActiveCfg = Release|x86
		{0E2AEE8E-8B7C-4257-ABB8-356B4885745E}.Release|Mixed Platforms.ActiveCfg = Release|x86
		{0E2AEE8E-8B7C-4257-ABB8-356B4885745E}.Release|Mixed Platforms.Build.0 = Release|x86
		{0E2AEE8E-8B7C-4257-ABB8-356B4885745E}.Release|x64.ActiveCfg = Release|x86
		{0E2AEE8E-8B7C-4257-ABB8-356B4885745E}.Release|x86.ActiveCfg = Release|x86
		{0E2AEE8E-8B7C-4257-ABB8-356B4885745E}.Release|x86.Build.0 = Release|x86
		{0E2AEE8E-8B7C-4257-ABB8-356B4885745E}.Sandcastle|Any CPU.ActiveCfg = Release|x86
		{0E2AEE8E-8B7C-4257-ABB8-356B4885745E}.Sandcastle|Mixed Platforms.ActiveCfg = Release|x86
		{0E2AEE8E-8B7C-4257-ABB8-356B4885745E}.Sandcastle|Mixed Platforms.Build.0 = Release|x86
		{0E2AEE8E-8B7C-4257-ABB8-356B4885745E}.Sandcastle|x64.ActiveCfg = Release|x86
		{0E2AEE8E-8B7C-4257-ABB8-356B4885745E}.Sandcastle|x86.ActiveCfg = Release|x86
		{0E2AEE8E-8B7C-4257-ABB8-356B4885745E}.Sandcastle|x86.Build.0 = Release|x86
		{3A1B9DEC-AECE-42F3-BAD9-9172482C43AB}.Debug|Any CPU.ActiveCfg = Debug|Any CPU
		{3A1B9DEC-AECE-42F3-BAD9-9172482C43AB}.Debug|Any CPU.Build.0 = Debug|Any CPU
		{3A1B9DEC-AECE-42F3-BAD9-9172482C43AB}.Debug|Mixed Platforms.ActiveCfg = Debug|Any CPU
		{3A1B9DEC-AECE-42F3-BAD9-9172482C43AB}.Debug|Mixed Platforms.Build.0 = Debug|Any CPU
		{3A1B9DEC-AECE-42F3-BAD9-9172482C43AB}.Debug|x64.ActiveCfg = Debug|Any CPU
		{3A1B9DEC-AECE-42F3-BAD9-9172482C43AB}.Debug|x86.ActiveCfg = Debug|Any CPU
		{3A1B9DEC-AECE-42F3-BAD9-9172482C43AB}.Release|Any CPU.ActiveCfg = Release|Any CPU
		{3A1B9DEC-AECE-42F3-BAD9-9172482C43AB}.Release|Any CPU.Build.0 = Release|Any CPU
		{3A1B9DEC-AECE-42F3-BAD9-9172482C43AB}.Release|Mixed Platforms.ActiveCfg = Release|Any CPU
		{3A1B9DEC-AECE-42F3-BAD9-9172482C43AB}.Release|Mixed Platforms.Build.0 = Release|Any CPU
		{3A1B9DEC-AECE-42F3-BAD9-9172482C43AB}.Release|x64.ActiveCfg = Release|Any CPU
		{3A1B9DEC-AECE-42F3-BAD9-9172482C43AB}.Release|x86.ActiveCfg = Release|Any CPU
		{3A1B9DEC-AECE-42F3-BAD9-9172482C43AB}.Sandcastle|Any CPU.ActiveCfg = Release|Any CPU
		{3A1B9DEC-AECE-42F3-BAD9-9172482C43AB}.Sandcastle|Any CPU.Build.0 = Release|Any CPU
		{3A1B9DEC-AECE-42F3-BAD9-9172482C43AB}.Sandcastle|Mixed Platforms.ActiveCfg = Release|Any CPU
		{3A1B9DEC-AECE-42F3-BAD9-9172482C43AB}.Sandcastle|Mixed Platforms.Build.0 = Release|Any CPU
		{3A1B9DEC-AECE-42F3-BAD9-9172482C43AB}.Sandcastle|x64.ActiveCfg = Release|Any CPU
		{3A1B9DEC-AECE-42F3-BAD9-9172482C43AB}.Sandcastle|x86.ActiveCfg = Release|Any CPU
		{E9983214-04A3-4F9D-A50D-57B77C035741}.Debug|Any CPU.ActiveCfg = Debug|x86
		{E9983214-04A3-4F9D-A50D-57B77C035741}.Debug|Mixed Platforms.ActiveCfg = Debug|x86
		{E9983214-04A3-4F9D-A50D-57B77C035741}.Debug|Mixed Platforms.Build.0 = Debug|x86
		{E9983214-04A3-4F9D-A50D-57B77C035741}.Debug|x64.ActiveCfg = Debug|x86
		{E9983214-04A3-4F9D-A50D-57B77C035741}.Debug|x86.ActiveCfg = Debug|x86
		{E9983214-04A3-4F9D-A50D-57B77C035741}.Debug|x86.Build.0 = Debug|x86
		{E9983214-04A3-4F9D-A50D-57B77C035741}.Release|Any CPU.ActiveCfg = Release|x86
		{E9983214-04A3-4F9D-A50D-57B77C035741}.Release|Mixed Platforms.ActiveCfg = Release|x86
		{E9983214-04A3-4F9D-A50D-57B77C035741}.Release|Mixed Platforms.Build.0 = Release|x86
		{E9983214-04A3-4F9D-A50D-57B77C035741}.Release|x64.ActiveCfg = Release|x86
		{E9983214-04A3-4F9D-A50D-57B77C035741}.Release|x86.ActiveCfg = Release|x86
		{E9983214-04A3-4F9D-A50D-57B77C035741}.Release|x86.Build.0 = Release|x86
		{E9983214-04A3-4F9D-A50D-57B77C035741}.Sandcastle|Any CPU.ActiveCfg = Release|x86
		{E9983214-04A3-4F9D-A50D-57B77C035741}.Sandcastle|Mixed Platforms.ActiveCfg = Release|x86
		{E9983214-04A3-4F9D-A50D-57B77C035741}.Sandcastle|Mixed Platforms.Build.0 = Release|x86
		{E9983214-04A3-4F9D-A50D-57B77C035741}.Sandcastle|x64.ActiveCfg = Release|x86
		{E9983214-04A3-4F9D-A50D-57B77C035741}.Sandcastle|x86.ActiveCfg = Release|x86
		{E9983214-04A3-4F9D-A50D-57B77C035741}.Sandcastle|x86.Build.0 = Release|x86
		{862A1DDF-EE31-4DB1-9D34-378BA05F144B}.Debug|Any CPU.ActiveCfg = Debug|Any CPU
		{862A1DDF-EE31-4DB1-9D34-378BA05F144B}.Debug|Any CPU.Build.0 = Debug|Any CPU
		{862A1DDF-EE31-4DB1-9D34-378BA05F144B}.Debug|Mixed Platforms.ActiveCfg = Debug|Any CPU
		{862A1DDF-EE31-4DB1-9D34-378BA05F144B}.Debug|Mixed Platforms.Build.0 = Debug|Any CPU
		{862A1DDF-EE31-4DB1-9D34-378BA05F144B}.Debug|x64.ActiveCfg = Debug|Any CPU
		{862A1DDF-EE31-4DB1-9D34-378BA05F144B}.Debug|x86.ActiveCfg = Debug|Any CPU
		{862A1DDF-EE31-4DB1-9D34-378BA05F144B}.Release|Any CPU.ActiveCfg = Release|Any CPU
		{862A1DDF-EE31-4DB1-9D34-378BA05F144B}.Release|Any CPU.Build.0 = Release|Any CPU
		{862A1DDF-EE31-4DB1-9D34-378BA05F144B}.Release|Mixed Platforms.ActiveCfg = Release|Any CPU
		{862A1DDF-EE31-4DB1-9D34-378BA05F144B}.Release|Mixed Platforms.Build.0 = Release|Any CPU
		{862A1DDF-EE31-4DB1-9D34-378BA05F144B}.Release|x64.ActiveCfg = Release|Any CPU
		{862A1DDF-EE31-4DB1-9D34-378BA05F144B}.Release|x86.ActiveCfg = Release|Any CPU
		{862A1DDF-EE31-4DB1-9D34-378BA05F144B}.Sandcastle|Any CPU.ActiveCfg = Release|Any CPU
		{862A1DDF-EE31-4DB1-9D34-378BA05F144B}.Sandcastle|Any CPU.Build.0 = Release|Any CPU
		{862A1DDF-EE31-4DB1-9D34-378BA05F144B}.Sandcastle|Mixed Platforms.ActiveCfg = Release|Any CPU
		{862A1DDF-EE31-4DB1-9D34-378BA05F144B}.Sandcastle|Mixed Platforms.Build.0 = Release|Any CPU
		{862A1DDF-EE31-4DB1-9D34-378BA05F144B}.Sandcastle|x64.ActiveCfg = Release|Any CPU
		{862A1DDF-EE31-4DB1-9D34-378BA05F144B}.Sandcastle|x86.ActiveCfg = Release|Any CPU
		{46715A67-B134-473C-ACE4-EF6AA1C0E688}.Debug|Any CPU.ActiveCfg = Debug|Any CPU
		{46715A67-B134-473C-ACE4-EF6AA1C0E688}.Debug|Any CPU.Build.0 = Debug|Any CPU
		{46715A67-B134-473C-ACE4-EF6AA1C0E688}.Debug|Mixed Platforms.ActiveCfg = Debug|Any CPU
		{46715A67-B134-473C-ACE4-EF6AA1C0E688}.Debug|Mixed Platforms.Build.0 = Debug|Any CPU
		{46715A67-B134-473C-ACE4-EF6AA1C0E688}.Debug|x64.ActiveCfg = Debug|x64
		{46715A67-B134-473C-ACE4-EF6AA1C0E688}.Debug|x64.Build.0 = Debug|x64
		{46715A67-B134-473C-ACE4-EF6AA1C0E688}.Debug|x86.ActiveCfg = Debug|x86
		{46715A67-B134-473C-ACE4-EF6AA1C0E688}.Debug|x86.Build.0 = Debug|x86
		{46715A67-B134-473C-ACE4-EF6AA1C0E688}.Release|Any CPU.ActiveCfg = Release|Any CPU
		{46715A67-B134-473C-ACE4-EF6AA1C0E688}.Release|Any CPU.Build.0 = Release|Any CPU
		{46715A67-B134-473C-ACE4-EF6AA1C0E688}.Release|Mixed Platforms.ActiveCfg = Release|Any CPU
		{46715A67-B134-473C-ACE4-EF6AA1C0E688}.Release|Mixed Platforms.Build.0 = Release|Any CPU
		{46715A67-B134-473C-ACE4-EF6AA1C0E688}.Release|x64.ActiveCfg = Release|x64
		{46715A67-B134-473C-ACE4-EF6AA1C0E688}.Release|x64.Build.0 = Release|x64
		{46715A67-B134-473C-ACE4-EF6AA1C0E688}.Release|x86.ActiveCfg = Release|x86
		{46715A67-B134-473C-ACE4-EF6AA1C0E688}.Release|x86.Build.0 = Release|x86
		{46715A67-B134-473C-ACE4-EF6AA1C0E688}.Sandcastle|Any CPU.ActiveCfg = Release|Any CPU
		{46715A67-B134-473C-ACE4-EF6AA1C0E688}.Sandcastle|Any CPU.Build.0 = Release|Any CPU
		{46715A67-B134-473C-ACE4-EF6AA1C0E688}.Sandcastle|Mixed Platforms.ActiveCfg = Release|Any CPU
		{46715A67-B134-473C-ACE4-EF6AA1C0E688}.Sandcastle|Mixed Platforms.Build.0 = Release|Any CPU
		{46715A67-B134-473C-ACE4-EF6AA1C0E688}.Sandcastle|x64.ActiveCfg = Release|Any CPU
		{46715A67-B134-473C-ACE4-EF6AA1C0E688}.Sandcastle|x86.ActiveCfg = Release|Any CPU
		{775A8A4C-AFA6-4D1A-AD1F-08E9829B0417}.Debug|Any CPU.ActiveCfg = Debug|Any CPU
		{775A8A4C-AFA6-4D1A-AD1F-08E9829B0417}.Debug|Any CPU.Build.0 = Debug|Any CPU
		{775A8A4C-AFA6-4D1A-AD1F-08E9829B0417}.Debug|Mixed Platforms.ActiveCfg = Debug|Any CPU
		{775A8A4C-AFA6-4D1A-AD1F-08E9829B0417}.Debug|Mixed Platforms.Build.0 = Debug|Any CPU
		{775A8A4C-AFA6-4D1A-AD1F-08E9829B0417}.Debug|x64.ActiveCfg = Debug|x64
		{775A8A4C-AFA6-4D1A-AD1F-08E9829B0417}.Debug|x64.Build.0 = Debug|x64
		{775A8A4C-AFA6-4D1A-AD1F-08E9829B0417}.Debug|x86.ActiveCfg = Debug|x86
		{775A8A4C-AFA6-4D1A-AD1F-08E9829B0417}.Debug|x86.Build.0 = Debug|x86
		{775A8A4C-AFA6-4D1A-AD1F-08E9829B0417}.Release|Any CPU.ActiveCfg = Release|Any CPU
		{775A8A4C-AFA6-4D1A-AD1F-08E9829B0417}.Release|Any CPU.Build.0 = Release|Any CPU
		{775A8A4C-AFA6-4D1A-AD1F-08E9829B0417}.Release|Mixed Platforms.ActiveCfg = Release|Any CPU
		{775A8A4C-AFA6-4D1A-AD1F-08E9829B0417}.Release|Mixed Platforms.Build.0 = Release|Any CPU
		{775A8A4C-AFA6-4D1A-AD1F-08E9829B0417}.Release|x64.ActiveCfg = Release|x64
		{775A8A4C-AFA6-4D1A-AD1F-08E9829B0417}.Release|x64.Build.0 = Release|x64
		{775A8A4C-AFA6-4D1A-AD1F-08E9829B0417}.Release|x86.ActiveCfg = Release|x86
		{775A8A4C-AFA6-4D1A-AD1F-08E9829B0417}.Release|x86.Build.0 = Release|x86
		{775A8A4C-AFA6-4D1A-AD1F-08E9829B0417}.Sandcastle|Any CPU.ActiveCfg = Release|Any CPU
		{775A8A4C-AFA6-4D1A-AD1F-08E9829B0417}.Sandcastle|Any CPU.Build.0 = Release|Any CPU
		{775A8A4C-AFA6-4D1A-AD1F-08E9829B0417}.Sandcastle|Mixed Platforms.ActiveCfg = Release|Any CPU
		{775A8A4C-AFA6-4D1A-AD1F-08E9829B0417}.Sandcastle|Mixed Platforms.Build.0 = Release|Any CPU
		{775A8A4C-AFA6-4D1A-AD1F-08E9829B0417}.Sandcastle|x64.ActiveCfg = Release|Any CPU
		{775A8A4C-AFA6-4D1A-AD1F-08E9829B0417}.Sandcastle|x86.ActiveCfg = Release|Any CPU
	EndGlobalSection
	GlobalSection(SolutionProperties) = preSolution
		HideSolutionNode = FALSE
	EndGlobalSection
EndGlobal
